// !$*UTF8*$!
{
	archiveVersion = 1;
	classes = {
	};
	objectVersion = 50;
	objects = {

/* Begin PBXBuildFile section */
		E697938F24AC1D9F0045E0D9 /* AppDelegate.swift in Sources */ = {isa = PBXBuildFile; fileRef = E697938E24AC1D9F0045E0D9 /* AppDelegate.swift */; };
		E697939124AC1D9F0045E0D9 /* SceneDelegate.swift in Sources */ = {isa = PBXBuildFile; fileRef = E697939024AC1D9F0045E0D9 /* SceneDelegate.swift */; };
		E697939624AC1D9F0045E0D9 /* Main.storyboard in Resources */ = {isa = PBXBuildFile; fileRef = E697939424AC1D9F0045E0D9 /* Main.storyboard */; };
		E697939824AC1DA20045E0D9 /* Assets.xcassets in Resources */ = {isa = PBXBuildFile; fileRef = E697939724AC1DA20045E0D9 /* Assets.xcassets */; };
		E697939B24AC1DA20045E0D9 /* LaunchScreen.storyboard in Resources */ = {isa = PBXBuildFile; fileRef = E697939924AC1DA20045E0D9 /* LaunchScreen.storyboard */; };
		E69793A624AC1DA20045E0D9 /* DouYuDemoTests.swift in Sources */ = {isa = PBXBuildFile; fileRef = E69793A524AC1DA20045E0D9 /* DouYuDemoTests.swift */; };
		E69793B124AC1DA20045E0D9 /* DouYuDemoUITests.swift in Sources */ = {isa = PBXBuildFile; fileRef = E69793B024AC1DA20045E0D9 /* DouYuDemoUITests.swift */; };
/* End PBXBuildFile section */

/* Begin PBXContainerItemProxy section */
		E69793A224AC1DA20045E0D9 /* PBXContainerItemProxy */ = {
			isa = PBXContainerItemProxy;
			containerPortal = E697938324AC1D9F0045E0D9 /* Project object */;
			proxyType = 1;
			remoteGlobalIDString = E697938A24AC1D9F0045E0D9;
			remoteInfo = DouYuDemo;
		};
		E69793AD24AC1DA20045E0D9 /* PBXContainerItemProxy */ = {
			isa = PBXContainerItemProxy;
			containerPortal = E697938324AC1D9F0045E0D9 /* Project object */;
			proxyType = 1;
			remoteGlobalIDString = E697938A24AC1D9F0045E0D9;
			remoteInfo = DouYuDemo;
		};
/* End PBXContainerItemProxy section */

/* Begin PBXFileReference section */
		E697938B24AC1D9F0045E0D9 /* DouYuDemo.app */ = {isa = PBXFileReference; explicitFileType = wrapper.application; includeInIndex = 0; path = DouYuDemo.app; sourceTree = BUILT_PRODUCTS_DIR; };
		E697938E24AC1D9F0045E0D9 /* AppDelegate.swift */ = {isa = PBXFileReference; lastKnownFileType = sourcecode.swift; path = AppDelegate.swift; sourceTree = "<group>"; };
		E697939024AC1D9F0045E0D9 /* SceneDelegate.swift */ = {isa = PBXFileReference; lastKnownFileType = sourcecode.swift; path = SceneDelegate.swift; sourceTree = "<group>"; };
		E697939524AC1D9F0045E0D9 /* Base */ = {isa = PBXFileReference; lastKnownFileType = file.storyboard; name = Base; path = Base.lproj/Main.storyboard; sourceTree = "<group>"; };
		E697939724AC1DA20045E0D9 /* Assets.xcassets */ = {isa = PBXFileReference; lastKnownFileType = folder.assetcatalog; path = Assets.xcassets; sourceTree = "<group>"; };
		E697939A24AC1DA20045E0D9 /* Base */ = {isa = PBXFileReference; lastKnownFileType = file.storyboard; name = Base; path = Base.lproj/LaunchScreen.storyboard; sourceTree = "<group>"; };
		E697939C24AC1DA20045E0D9 /* Info.plist */ = {isa = PBXFileReference; lastKnownFileType = text.plist.xml; path = Info.plist; sourceTree = "<group>"; };
		E69793A124AC1DA20045E0D9 /* DouYuDemoTests.xctest */ = {isa = PBXFileReference; explicitFileType = wrapper.cfbundle; includeInIndex = 0; path = DouYuDemoTests.xctest; sourceTree = BUILT_PRODUCTS_DIR; };
		E69793A524AC1DA20045E0D9 /* DouYuDemoTests.swift */ = {isa = PBXFileReference; lastKnownFileType = sourcecode.swift; path = DouYuDemoTests.swift; sourceTree = "<group>"; };
		E69793A724AC1DA20045E0D9 /* Info.plist */ = {isa = PBXFileReference; lastKnownFileType = text.plist.xml; path = Info.plist; sourceTree = "<group>"; };
		E69793AC24AC1DA20045E0D9 /* DouYuDemoUITests.xctest */ = {isa = PBXFileReference; explicitFileType = wrapper.cfbundle; includeInIndex = 0; path = DouYuDemoUITests.xctest; sourceTree = BUILT_PRODUCTS_DIR; };
		E69793B024AC1DA20045E0D9 /* DouYuDemoUITests.swift */ = {isa = PBXFileReference; lastKnownFileType = sourcecode.swift; path = DouYuDemoUITests.swift; sourceTree = "<group>"; };
		E69793B224AC1DA20045E0D9 /* Info.plist */ = {isa = PBXFileReference; lastKnownFileType = text.plist.xml; path = Info.plist; sourceTree = "<group>"; };
/* End PBXFileReference section */

/* Begin PBXFrameworksBuildPhase section */
		E697938824AC1D9F0045E0D9 /* Frameworks */ = {
			isa = PBXFrameworksBuildPhase;
			buildActionMask = 2147483647;
			files = (
			);
			runOnlyForDeploymentPostprocessing = 0;
		};
		E697939E24AC1DA20045E0D9 /* Frameworks */ = {
			isa = PBXFrameworksBuildPhase;
			buildActionMask = 2147483647;
			files = (
			);
			runOnlyForDeploymentPostprocessing = 0;
		};
		E69793A924AC1DA20045E0D9 /* Frameworks */ = {
			isa = PBXFrameworksBuildPhase;
			buildActionMask = 2147483647;
			files = (
			);
			runOnlyForDeploymentPostprocessing = 0;
		};
/* End PBXFrameworksBuildPhase section */

/* Begin PBXGroup section */
		E697938224AC1D9F0045E0D9 = {
			isa = PBXGroup;
			children = (
				E697938D24AC1D9F0045E0D9 /* DouYuDemo */,
				E69793A424AC1DA20045E0D9 /* DouYuDemoTests */,
				E69793AF24AC1DA20045E0D9 /* DouYuDemoUITests */,
				E697938C24AC1D9F0045E0D9 /* Products */,
			);
			sourceTree = "<group>";
		};
		E697938C24AC1D9F0045E0D9 /* Products */ = {
			isa = PBXGroup;
			children = (
				E697938B24AC1D9F0045E0D9 /* DouYuDemo.app */,
				E69793A124AC1DA20045E0D9 /* DouYuDemoTests.xctest */,
				E69793AC24AC1DA20045E0D9 /* DouYuDemoUITests.xctest */,
			);
			name = Products;
			sourceTree = "<group>";
		};
		E697938D24AC1D9F0045E0D9 /* DouYuDemo */ = {
			isa = PBXGroup;
			children = (
				E6E9799C24AC553B0042304C /* Main */,
				E6E9799B24AC553B0042304C /* Home */,
				E6E9799A24AC553B0042304C /* Follow */,
				E6E9799924AC553B0042304C /* Live */,
				E6E9799E24AC553B0042304C /* Profile */,
				E6E9799D24AC553B0042304C /* Tools */,
				E697938E24AC1D9F0045E0D9 /* AppDelegate.swift */,
				E697939024AC1D9F0045E0D9 /* SceneDelegate.swift */,
				E697939424AC1D9F0045E0D9 /* Main.storyboard */,
				E697939724AC1DA20045E0D9 /* Assets.xcassets */,
				E697939924AC1DA20045E0D9 /* LaunchScreen.storyboard */,
				E697939C24AC1DA20045E0D9 /* Info.plist */,
			);
			path = DouYuDemo;
			sourceTree = "<group>";
		};
		E69793A424AC1DA20045E0D9 /* DouYuDemoTests */ = {
			isa = PBXGroup;
			children = (
				E69793A524AC1DA20045E0D9 /* DouYuDemoTests.swift */,
				E69793A724AC1DA20045E0D9 /* Info.plist */,
			);
			path = DouYuDemoTests;
			sourceTree = "<group>";
		};
		E69793AF24AC1DA20045E0D9 /* DouYuDemoUITests */ = {
			isa = PBXGroup;
			children = (
				E69793B024AC1DA20045E0D9 /* DouYuDemoUITests.swift */,
				E69793B224AC1DA20045E0D9 /* Info.plist */,
			);
			path = DouYuDemoUITests;
			sourceTree = "<group>";
		};
		E6E9799924AC553B0042304C /* Live */ = {
			isa = PBXGroup;
			children = (
			);
			path = Live;
			sourceTree = "<group>";
		};
		E6E9799A24AC553B0042304C /* Follow */ = {
			isa = PBXGroup;
			children = (
			);
			path = Follow;
			sourceTree = "<group>";
		};
		E6E9799B24AC553B0042304C /* Home */ = {
			isa = PBXGroup;
			children = (
			);
			path = Home;
			sourceTree = "<group>";
		};
		E6E9799C24AC553B0042304C /* Main */ = {
			isa = PBXGroup;
			children = (
			);
			path = Main;
			sourceTree = "<group>";
		};
		E6E9799D24AC553B0042304C /* Tools */ = {
			isa = PBXGroup;
			children = (
			);
			path = Tools;
			sourceTree = "<group>";
		};
		E6E9799E24AC553B0042304C /* Profile */ = {
			isa = PBXGroup;
			children = (
			);
			path = Profile;
			sourceTree = "<group>";
		};
/* End PBXGroup section */

/* Begin PBXNativeTarget section */
		E697938A24AC1D9F0045E0D9 /* DouYuDemo */ = {
			isa = PBXNativeTarget;
			buildConfigurationList = E69793B524AC1DA20045E0D9 /* Build configuration list for PBXNativeTarget "DouYuDemo" */;
			buildPhases = (
				E697938724AC1D9F0045E0D9 /* Sources */,
				E697938824AC1D9F0045E0D9 /* Frameworks */,
				E697938924AC1D9F0045E0D9 /* Resources */,
			);
			buildRules = (
			);
			dependencies = (
			);
			name = DouYuDemo;
			productName = DouYuDemo;
			productReference = E697938B24AC1D9F0045E0D9 /* DouYuDemo.app */;
			productType = "com.apple.product-type.application";
		};
		E69793A024AC1DA20045E0D9 /* DouYuDemoTests */ = {
			isa = PBXNativeTarget;
			buildConfigurationList = E69793B824AC1DA20045E0D9 /* Build configuration list for PBXNativeTarget "DouYuDemoTests" */;
			buildPhases = (
				E697939D24AC1DA20045E0D9 /* Sources */,
				E697939E24AC1DA20045E0D9 /* Frameworks */,
				E697939F24AC1DA20045E0D9 /* Resources */,
			);
			buildRules = (
			);
			dependencies = (
				E69793A324AC1DA20045E0D9 /* PBXTargetDependency */,
			);
			name = DouYuDemoTests;
			productName = DouYuDemoTests;
			productReference = E69793A124AC1DA20045E0D9 /* DouYuDemoTests.xctest */;
			productType = "com.apple.product-type.bundle.unit-test";
		};
		E69793AB24AC1DA20045E0D9 /* DouYuDemoUITests */ = {
			isa = PBXNativeTarget;
			buildConfigurationList = E69793BB24AC1DA20045E0D9 /* Build configuration list for PBXNativeTarget "DouYuDemoUITests" */;
			buildPhases = (
				E69793A824AC1DA20045E0D9 /* Sources */,
				E69793A924AC1DA20045E0D9 /* Frameworks */,
				E69793AA24AC1DA20045E0D9 /* Resources */,
			);
			buildRules = (
			);
			dependencies = (
				E69793AE24AC1DA20045E0D9 /* PBXTargetDependency */,
			);
			name = DouYuDemoUITests;
			productName = DouYuDemoUITests;
			productReference = E69793AC24AC1DA20045E0D9 /* DouYuDemoUITests.xctest */;
			productType = "com.apple.product-type.bundle.ui-testing";
		};
/* End PBXNativeTarget section */

/* Begin PBXProject section */
		E697938324AC1D9F0045E0D9 /* Project object */ = {
			isa = PBXProject;
			attributes = {
				LastSwiftUpdateCheck = 1150;
				LastUpgradeCheck = 1150;
				ORGANIZATIONNAME = zsgjs;
				TargetAttributes = {
					E697938A24AC1D9F0045E0D9 = {
						CreatedOnToolsVersion = 11.5;
					};
					E69793A024AC1DA20045E0D9 = {
						CreatedOnToolsVersion = 11.5;
						TestTargetID = E697938A24AC1D9F0045E0D9;
					};
					E69793AB24AC1DA20045E0D9 = {
						CreatedOnToolsVersion = 11.5;
						TestTargetID = E697938A24AC1D9F0045E0D9;
					};
				};
			};
			buildConfigurationList = E697938624AC1D9F0045E0D9 /* Build configuration list for PBXProject "DouYuDemo" */;
			compatibilityVersion = "Xcode 9.3";
			developmentRegion = en;
			hasScannedForEncodings = 0;
			knownRegions = (
				en,
				Base,
			);
			mainGroup = E697938224AC1D9F0045E0D9;
			productRefGroup = E697938C24AC1D9F0045E0D9 /* Products */;
			projectDirPath = "";
			projectRoot = "";
			targets = (
				E697938A24AC1D9F0045E0D9 /* DouYuDemo */,
				E69793A024AC1DA20045E0D9 /* DouYuDemoTests */,
				E69793AB24AC1DA20045E0D9 /* DouYuDemoUITests */,
			);
		};
/* End PBXProject section */

/* Begin PBXResourcesBuildPhase section */
		E697938924AC1D9F0045E0D9 /* Resources */ = {
			isa = PBXResourcesBuildPhase;
			buildActionMask = 2147483647;
			files = (
				E697939B24AC1DA20045E0D9 /* LaunchScreen.storyboard in Resources */,
				E697939824AC1DA20045E0D9 /* Assets.xcassets in Resources */,
				E697939624AC1D9F0045E0D9 /* Main.storyboard in Resources */,
			);
			runOnlyForDeploymentPostprocessing = 0;
		};
		E697939F24AC1DA20045E0D9 /* Resources */ = {
			isa = PBXResourcesBuildPhase;
			buildActionMask = 2147483647;
			files = (
			);
			runOnlyForDeploymentPostprocessing = 0;
		};
		E69793AA24AC1DA20045E0D9 /* Resources */ = {
			isa = PBXResourcesBuildPhase;
			buildActionMask = 2147483647;
			files = (
			);
			runOnlyForDeploymentPostprocessing = 0;
		};
/* End PBXResourcesBuildPhase section */

/* Begin PBXSourcesBuildPhase section */
		E697938724AC1D9F0045E0D9 /* Sources */ = {
			isa = PBXSourcesBuildPhase;
			buildActionMask = 2147483647;
			files = (
				E697938F24AC1D9F0045E0D9 /* AppDelegate.swift in Sources */,
				E697939124AC1D9F0045E0D9 /* SceneDelegate.swift in Sources */,
			);
			runOnlyForDeploymentPostprocessing = 0;
		};
		E697939D24AC1DA20045E0D9 /* Sources */ = {
			isa = PBXSourcesBuildPhase;
			buildActionMask = 2147483647;
			files = (
				E69793A624AC1DA20045E0D9 /* DouYuDemoTests.swift in Sources */,
			);
			runOnlyForDeploymentPostprocessing = 0;
		};
		E69793A824AC1DA20045E0D9 /* Sources */ = {
			isa = PBXSourcesBuildPhase;
			buildActionMask = 2147483647;
			files = (
				E69793B124AC1DA20045E0D9 /* DouYuDemoUITests.swift in Sources */,
			);
			runOnlyForDeploymentPostprocessing = 0;
		};
/* End PBXSourcesBuildPhase section */

/* Begin PBXTargetDependency section */
		E69793A324AC1DA20045E0D9 /* PBXTargetDependency */ = {
			isa = PBXTargetDependency;
			target = E697938A24AC1D9F0045E0D9 /* DouYuDemo */;
			targetProxy = E69793A224AC1DA20045E0D9 /* PBXContainerItemProxy */;
		};
		E69793AE24AC1DA20045E0D9 /* PBXTargetDependency */ = {
			isa = PBXTargetDependency;
			target = E697938A24AC1D9F0045E0D9 /* DouYuDemo */;
			targetProxy = E69793AD24AC1DA20045E0D9 /* PBXContainerItemProxy */;
		};
/* End PBXTargetDependency section */

/* Begin PBXVariantGroup section */
		E697939424AC1D9F0045E0D9 /* Main.storyboard */ = {
			isa = PBXVariantGroup;
			children = (
				E697939524AC1D9F0045E0D9 /* Base */,
			);
			name = Main.storyboard;
			sourceTree = "<group>";
		};
		E697939924AC1DA20045E0D9 /* LaunchScreen.storyboard */ = {
			isa = PBXVariantGroup;
			children = (
				E697939A24AC1DA20045E0D9 /* Base */,
			);
			name = LaunchScreen.storyboard;
			sourceTree = "<group>";
		};
/* End PBXVariantGroup section */

/* Begin XCBuildConfiguration section */
		E69793B324AC1DA20045E0D9 /* Debug */ = {
			isa = XCBuildConfiguration;
			buildSettings = {
				ALWAYS_SEARCH_USER_PATHS = NO;
				CLANG_ANALYZER_NONNULL = YES;
				CLANG_ANALYZER_NUMBER_OBJECT_CONVERSION = YES_AGGRESSIVE;
				CLANG_CXX_LANGUAGE_STANDARD = "gnu++14";
				CLANG_CXX_LIBRARY = "libc++";
				CLANG_ENABLE_MODULES = YES;
				CLANG_ENABLE_OBJC_ARC = YES;
				CLANG_ENABLE_OBJC_WEAK = YES;
				CLANG_WARN_BLOCK_CAPTURE_AUTORELEASING = YES;
				CLANG_WARN_BOOL_CONVERSION = YES;
				CLANG_WARN_COMMA = YES;
				CLANG_WARN_CONSTANT_CONVERSION = YES;
				CLANG_WARN_DEPRECATED_OBJC_IMPLEMENTATIONS = YES;
				CLANG_WARN_DIRECT_OBJC_ISA_USAGE = YES_ERROR;
				CLANG_WARN_DOCUMENTATION_COMMENTS = YES;
				CLANG_WARN_EMPTY_BODY = YES;
				CLANG_WARN_ENUM_CONVERSION = YES;
				CLANG_WARN_INFINITE_RECURSION = YES;
				CLANG_WARN_INT_CONVERSION = YES;
				CLANG_WARN_NON_LITERAL_NULL_CONVERSION = YES;
				CLANG_WARN_OBJC_IMPLICIT_RETAIN_SELF = YES;
				CLANG_WARN_OBJC_LITERAL_CONVERSION = YES;
				CLANG_WARN_OBJC_ROOT_CLASS = YES_ERROR;
				CLANG_WARN_RANGE_LOOP_ANALYSIS = YES;
				CLANG_WARN_STRICT_PROTOTYPES = YES;
				CLANG_WARN_SUSPICIOUS_MOVE = YES;
				CLANG_WARN_UNGUARDED_AVAILABILITY = YES_AGGRESSIVE;
				CLANG_WARN_UNREACHABLE_CODE = YES;
				CLANG_WARN__DUPLICATE_METHOD_MATCH = YES;
				COPY_PHASE_STRIP = NO;
				DEBUG_INFORMATION_FORMAT = dwarf;
				ENABLE_STRICT_OBJC_MSGSEND = YES;
				ENABLE_TESTABILITY = YES;
				GCC_C_LANGUAGE_STANDARD = gnu11;
				GCC_DYNAMIC_NO_PIC = NO;
				GCC_NO_COMMON_BLOCKS = YES;
				GCC_OPTIMIZATION_LEVEL = 0;
				GCC_PREPROCESSOR_DEFINITIONS = (
					"DEBUG=1",
					"$(inherited)",
				);
				GCC_WARN_64_TO_32_BIT_CONVERSION = YES;
				GCC_WARN_ABOUT_RETURN_TYPE = YES_ERROR;
				GCC_WARN_UNDECLARED_SELECTOR = YES;
				GCC_WARN_UNINITIALIZED_AUTOS = YES_AGGRESSIVE;
				GCC_WARN_UNUSED_FUNCTION = YES;
				GCC_WARN_UNUSED_VARIABLE = YES;
				IPHONEOS_DEPLOYMENT_TARGET = 13.5;
				MTL_ENABLE_DEBUG_INFO = INCLUDE_SOURCE;
				MTL_FAST_MATH = YES;
				ONLY_ACTIVE_ARCH = YES;
				SDKROOT = iphoneos;
				SWIFT_ACTIVE_COMPILATION_CONDITIONS = DEBUG;
				SWIFT_OPTIMIZATION_LEVEL = "-Onone";
			};
			name = Debug;
		};
		E69793B424AC1DA20045E0D9 /* Release */ = {
			isa = XCBuildConfiguration;
			buildSettings = {
				ALWAYS_SEARCH_USER_PATHS = NO;
				CLANG_ANALYZER_NONNULL = YES;
				CLANG_ANALYZER_NUMBER_OBJECT_CONVERSION = YES_AGGRESSIVE;
				CLANG_CXX_LANGUAGE_STANDARD = "gnu++14";
				CLANG_CXX_LIBRARY = "libc++";
				CLANG_ENABLE_MODULES = YES;
				CLANG_ENABLE_OBJC_ARC = YES;
				CLANG_ENABLE_OBJC_WEAK = YES;
				CLANG_WARN_BLOCK_CAPTURE_AUTORELEASING = YES;
				CLANG_WARN_BOOL_CONVERSION = YES;
				CLANG_WARN_COMMA = YES;
				CLANG_WARN_CONSTANT_CONVERSION = YES;
				CLANG_WARN_DEPRECATED_OBJC_IMPLEMENTATIONS = YES;
				CLANG_WARN_DIRECT_OBJC_ISA_USAGE = YES_ERROR;
				CLANG_WARN_DOCUMENTATION_COMMENTS = YES;
				CLANG_WARN_EMPTY_BODY = YES;
				CLANG_WARN_ENUM_CONVERSION = YES;
				CLANG_WARN_INFINITE_RECURSION = YES;
				CLANG_WARN_INT_CONVERSION = YES;
				CLANG_WARN_NON_LITERAL_NULL_CONVERSION = YES;
				CLANG_WARN_OBJC_IMPLICIT_RETAIN_SELF = YES;
				CLANG_WARN_OBJC_LITERAL_CONVERSION = YES;
				CLANG_WARN_OBJC_ROOT_CLASS = YES_ERROR;
				CLANG_WARN_RANGE_LOOP_ANALYSIS = YES;
				CLANG_WARN_STRICT_PROTOTYPES = YES;
				CLANG_WARN_SUSPICIOUS_MOVE = YES;
				CLANG_WARN_UNGUARDED_AVAILABILITY = YES_AGGRESSIVE;
				CLANG_WARN_UNREACHABLE_CODE = YES;
				CLANG_WARN__DUPLICATE_METHOD_MATCH = YES;
				COPY_PHASE_STRIP = NO;
				DEBUG_INFORMATION_FORMAT = "dwarf-with-dsym";
				ENABLE_NS_ASSERTIONS = NO;
				ENABLE_STRICT_OBJC_MSGSEND = YES;
				GCC_C_LANGUAGE_STANDARD = gnu11;
				GCC_NO_COMMON_BLOCKS = YES;
				GCC_WARN_64_TO_32_BIT_CONVERSION = YES;
				GCC_WARN_ABOUT_RETURN_TYPE = YES_ERROR;
				GCC_WARN_UNDECLARED_SELECTOR = YES;
				GCC_WARN_UNINITIALIZED_AUTOS = YES_AGGRESSIVE;
				GCC_WARN_UNUSED_FUNCTION = YES;
				GCC_WARN_UNUSED_VARIABLE = YES;
				IPHONEOS_DEPLOYMENT_TARGET = 13.5;
				MTL_ENABLE_DEBUG_INFO = NO;
				MTL_FAST_MATH = YES;
				SDKROOT = iphoneos;
				SWIFT_COMPILATION_MODE = wholemodule;
				SWIFT_OPTIMIZATION_LEVEL = "-O";
				VALIDATE_PRODUCT = YES;
			};
			name = Release;
		};
		E69793B624AC1DA20045E0D9 /* Debug */ = {
			isa = XCBuildConfiguration;
			buildSettings = {
				ASSETCATALOG_COMPILER_APPICON_NAME = AppIcon;
				CODE_SIGN_STYLE = Automatic;
				DEVELOPMENT_TEAM = GZ56D2K886;
				INFOPLIST_FILE = DouYuDemo/Info.plist;
				IPHONEOS_DEPLOYMENT_TARGET = 9.0;
				LD_RUNPATH_SEARCH_PATHS = (
					"$(inherited)",
					"@executable_path/Frameworks",
				);
				PRODUCT_BUNDLE_IDENTIFIER = com.MySwift.DouYuDemo;
				PRODUCT_NAME = "$(TARGET_NAME)";
				SWIFT_VERSION = 5.0;
				TARGETED_DEVICE_FAMILY = "1,2";
			};
			name = Debug;
		};
		E69793B724AC1DA20045E0D9 /* Release */ = {
			isa = XCBuildConfiguration;
			buildSettings = {
				ASSETCATALOG_COMPILER_APPICON_NAME = AppIcon;
				CODE_SIGN_STYLE = Automatic;
				DEVELOPMENT_TEAM = GZ56D2K886;
				INFOPLIST_FILE = DouYuDemo/Info.plist;
				IPHONEOS_DEPLOYMENT_TARGET = 9.0;
				LD_RUNPATH_SEARCH_PATHS = (
					"$(inherited)",
					"@executable_path/Frameworks",
				);
				PRODUCT_BUNDLE_IDENTIFIER = com.MySwift.DouYuDemo;
				PRODUCT_NAME = "$(TARGET_NAME)";
				SWIFT_VERSION = 5.0;
				TARGETED_DEVICE_FAMILY = "1,2";
			};
			name = Release;
		};
		E69793B924AC1DA20045E0D9 /* Debug */ = {
			isa = XCBuildConfiguration;
			buildSettings = {
				ALWAYS_EMBED_SWIFT_STANDARD_LIBRARIES = YES;
				BUNDLE_LOADER = "$(TEST_HOST)";
				CODE_SIGN_STYLE = Automatic;
				DEVELOPMENT_TEAM = GZ56D2K886;
				INFOPLIST_FILE = DouYuDemoTests/Info.plist;
				IPHONEOS_DEPLOYMENT_TARGET = 13.5;
				LD_RUNPATH_SEARCH_PATHS = (
					"$(inherited)",
					"@executable_path/Frameworks",
					"@loader_path/Frameworks",
				);
				PRODUCT_BUNDLE_IDENTIFIER = com.MySwift.DouYuDemoTests;
				PRODUCT_NAME = "$(TARGET_NAME)";
				SWIFT_VERSION = 5.0;
				TARGETED_DEVICE_FAMILY = "1,2";
				TEST_HOST = "$(BUILT_PRODUCTS_DIR)/DouYuDemo.app/DouYuDemo";
			};
			name = Debug;
		};
		E69793BA24AC1DA20045E0D9 /* Release */ = {
			isa = XCBuildConfiguration;
			buildSettings = {
				ALWAYS_EMBED_SWIFT_STANDARD_LIBRARIES = YES;
				BUNDLE_LOADER = "$(TEST_HOST)";
				CODE_SIGN_STYLE = Automatic;
				DEVELOPMENT_TEAM = GZ56D2K886;
				INFOPLIST_FILE = DouYuDemoTests/Info.plist;
				IPHONEOS_DEPLOYMENT_TARGET = 13.5;
				LD_RUNPATH_SEARCH_PATHS = (
					"$(inherited)",
					"@executable_path/Frameworks",
					"@loader_path/Frameworks",
				);
				PRODUCT_BUNDLE_IDENTIFIER = com.MySwift.DouYuDemoTests;
				PRODUCT_NAME = "$(TARGET_NAME)";
				SWIFT_VERSION = 5.0;
				TARGETED_DEVICE_FAMILY = "1,2";
				TEST_HOST = "$(BUILT_PRODUCTS_DIR)/DouYuDemo.app/DouYuDemo";
			};
			name = Release;
		};
		E69793BC24AC1DA20045E0D9 /* Debug */ = {
			isa = XCBuildConfiguration;
			buildSettings = {
				ALWAYS_EMBED_SWIFT_STANDARD_LIBRARIES = YES;
				CODE_SIGN_STYLE = Automatic;
				DEVELOPMENT_TEAM = GZ56D2K886;
				INFOPLIST_FILE = DouYuDemoUITests/Info.plist;
				LD_RUNPATH_SEARCH_PATHS = (
					"$(inherited)",
					"@executable_path/Frameworks",
					"@loader_path/Frameworks",
				);
				PRODUCT_BUNDLE_IDENTIFIER = com.MySwift.DouYuDemoUITests;
				PRODUCT_NAME = "$(TARGET_NAME)";
				SWIFT_VERSION = 5.0;
				TARGETED_DEVICE_FAMILY = "1,2";
				TEST_TARGET_NAME = DouYuDemo;
			};
			name = Debug;
		};
		E69793BD24AC1DA20045E0D9 /* Release */ = {
			isa = XCBuildConfiguration;
			buildSettings = {
				ALWAYS_EMBED_SWIFT_STANDARD_LIBRARIES = YES;
				CODE_SIGN_STYLE = Automatic;
				DEVELOPMENT_TEAM = GZ56D2K886;
				INFOPLIST_FILE = DouYuDemoUITests/Info.plist;
				LD_RUNPATH_SEARCH_PATHS = (
					"$(inherited)",
					"@executable_path/Frameworks",
					"@loader_path/Frameworks",
				);
				PRODUCT_BUNDLE_IDENTIFIER = com.MySwift.DouYuDemoUITests;
				PRODUCT_NAME = "$(TARGET_NAME)";
				SWIFT_VERSION = 5.0;
				TARGETED_DEVICE_FAMILY = "1,2";
				TEST_TARGET_NAME = DouYuDemo;
			};
			name = Release;
		};
/* End XCBuildConfiguration section */

/* Begin XCConfigurationList section */
		E697938624AC1D9F0045E0D9 /* Build configuration list for PBXProject "DouYuDemo" */ = {
			isa = XCConfigurationList;
			buildConfigurations = (
				E69793B324AC1DA20045E0D9 /* Debug */,
				E69793B424AC1DA20045E0D9 /* Release */,
			);
			defaultConfigurationIsVisible = 0;
			defaultConfigurationName = Release;
		};
		E69793B524AC1DA20045E0D9 /* Build configuration list for PBXNativeTarget "DouYuDemo" */ = {
			isa = XCConfigurationList;
			buildConfigurations = (
				E69793B624AC1DA20045E0D9 /* Debug */,
				E69793B724AC1DA20045E0D9 /* Release */,
			);
			defaultConfigurationIsVisible = 0;
			defaultConfigurationName = Release;
		};
		E69793B824AC1DA20045E0D9 /* Build configuration list for PBXNativeTarget "DouYuDemoTests" */ = {
			isa = XCConfigurationList;
			buildConfigurations = (
				E69793B924AC1DA20045E0D9 /* Debug */,
				E69793BA24AC1DA20045E0D9 /* Release */,
			);
			defaultConfigurationIsVisible = 0;
			defaultConfigurationName = Release;
		};
		E69793BB24AC1DA20045E0D9 /* Build configuration list for PBXNativeTarget "DouYuDemoUITests" */ = {
			isa = XCConfigurationList;
			buildConfigurations = (
				E69793BC24AC1DA20045E0D9 /* Debug */,
				E69793BD24AC1DA20045E0D9 /* Release */,
			);
			defaultConfigurationIsVisible = 0;
			defaultConfigurationName = Release;
		};
/* End XCConfigurationList section */
	};
	rootObject = E697938324AC1D9F0045E0D9 /* Project object */;
}
